<?xml version="1.0" encoding="utf-8"?>
<Project ToolsVersion="4.0" xmlns="http://schemas.microsoft.com/developer/msbuild/2003">
  <ItemGroup>
    <Filter Include="Source Files">
      <UniqueIdentifier>{4FC737F1-C7A5-4376-A066-2A32D752A2FF}</UniqueIdentifier>
      <Extensions>cpp;c;cc;cxx;c++;cppm;ixx;def;odl;idl;hpj;bat;asm;asmx</Extensions>
    </Filter>
    <Filter Include="Header Files">
      <UniqueIdentifier>{93995380-89BD-4b04-88EB-625FBE52EBFB}</UniqueIdentifier>
      <Extensions>h;hh;hpp;hxx;h++;hm;inl;inc;ipp;xsd</Extensions>
    </Filter>
    <Filter Include="Resource Files">
      <UniqueIdentifier>{67DA6AB6-F800-4c08-8B7A-83BB121AAD01}</UniqueIdentifier>
      <Extensions>rc;ico;cur;bmp;dlg;rc2;rct;bin;rgs;gif;jpg;jpeg;jpe;resx;tiff;tif;png;wav;mfcribbon-ms</Extensions>
    </Filter>
    <Filter Include="Source Files\Lab1">
      <UniqueIdentifier>{04b35c38-c7f1-44fe-ae65-8ee73342907d}</UniqueIdentifier>
    </Filter>
    <Filter Include="Source Files\Lab2">
      <UniqueIdentifier>{c4f7b2df-73ee-4b9b-99cf-d2bf4d8273e2}</UniqueIdentifier>
    </Filter>
    <Filter Include="Source Files\Lab3">
      <UniqueIdentifier>{cbc6a5c6-8c69-41b1-adab-c4778e37c4ab}</UniqueIdentifier>
    </Filter>
    <Filter Include="Source Files\Lab4">
      <UniqueIdentifier>{b124bece-6e63-46e3-9b07-6f3fd31ed4db}</UniqueIdentifier>
    </Filter>
  </ItemGroup>
  <ItemGroup>
    <ClCompile Include="task1_1.cpp">
      <Filter>Source Files\Lab1</Filter>
    </ClCompile>
    <ClCompile Include="task1_2.cpp">
      <Filter>Source Files\Lab1</Filter>
    </ClCompile>
    <ClCompile Include="task1_3.cpp">
      <Filter>Source Files\Lab1</Filter>
    </ClCompile>
    <ClCompile Include="Methods.cpp">
      <Filter>Source Files\Lab1</Filter>
    </ClCompile>
    <ClCompile Include="Lab1.cpp">
      <Filter>Source Files\Lab1</Filter>
    </ClCompile>
    <ClCompile Include="task2_1.cpp">
      <Filter>Source Files\Lab2</Filter>
    </ClCompile>
    <ClCompile Include="task2_2_enscrypt.cpp">
      <Filter>Source Files\Lab2</Filter>
    </ClCompile>
    <ClCompile Include="task2_2_descrypt.cpp">
      <Filter>Source Files\Lab2</Filter>
    </ClCompile>
    <ClCompile Include="task2_3_enscrypt.cpp">
      <Filter>Source Files\Lab2</Filter>
    </ClCompile>
    <ClCompile Include="task2_3_descrypt.cpp">
      <Filter>Source Files\Lab2</Filter>
    </ClCompile>
    <ClCompile Include="task2_4.cpp">
      <Filter>Source Files\Lab2</Filter>
    </ClCompile>
    <ClCompile Include="lab2_visual.cpp">
      <Filter>Source Files\Lab2</Filter>
    </ClCompile>
    <ClCompile Include="Useful.cpp">
      <Filter>Source Files</Filter>
    </ClCompile>
    <ClCompile Include="Lab2.cpp">
      <Filter>Source Files\Lab2</Filter>
    </ClCompile>
    <ClCompile Include="task3_1.cpp">
      <Filter>Source Files\Lab3</Filter>
    </ClCompile>
    <ClCompile Include="task3_2.cpp">
      <Filter>Source Files\Lab3</Filter>
    </ClCompile>
    <ClCompile Include="task3_3.cpp">
      <Filter>Source Files\Lab3</Filter>
    </ClCompile>
    <ClCompile Include="lab3.cpp">
      <Filter>Source Files\Lab3</Filter>
    </ClCompile>
    <ClCompile Include="lab3_visual.cpp">
      <Filter>Source Files\Lab3</Filter>
    </ClCompile>
    <ClCompile Include="lab1_visual.cpp">
      <Filter>Source Files\Lab1</Filter>
    </ClCompile>
    <ClCompile Include="main.cpp">
      <Filter>Source Files</Filter>
    </ClCompile>
    <ClCompile Include="Visual.cpp">
      <Filter>Source Files</Filter>
    </ClCompile>
    <ClCompile Include="task4_1.cpp">
      <Filter>Source Files\Lab4</Filter>
    </ClCompile>
    <ClCompile Include="task4_2.cpp">
      <Filter>Source Files\Lab4</Filter>
    </ClCompile>
    <ClCompile Include="task4_3.cpp">
      <Filter>Source Files\Lab4</Filter>
    </ClCompile>
    <ClCompile Include="Lab4.cpp">
      <Filter>Source Files\Lab4</Filter>
    </ClCompile>
    <ClCompile Include="lab4_visual.cpp">
      <Filter>Source Files\Lab4</Filter>
    </ClCompile>
  </ItemGroup>
  <ItemGroup>
    <ClInclude Include="tasks1.h">
      <Filter>Source Files\Lab1</Filter>
    </ClInclude>
    <ClInclude Include="Methods.h">
      <Filter>Source Files\Lab1</Filter>
    </ClInclude>
    <ClInclude Include="tasks2.h">
      <Filter>Source Files\Lab2</Filter>
    </ClInclude>
    <ClInclude Include="Labs.h">
      <Filter>Source Files</Filter>
    </ClInclude>
    <ClInclude Include="TicTacToe.h">
      <Filter>Source Files\Lab3</Filter>
    </ClInclude>
    <ClInclude Include="Vector.h">
      <Filter>Source Files\Lab3</Filter>
    </ClInclude>
    <ClInclude Include="Matrix.h">
      <Filter>Source Files\Lab3</Filter>
    </ClInclude>
    <ClInclude Include="tasks3.h">
      <Filter>Source Files\Lab3</Filter>
    </ClInclude>
    <ClInclude Include="Vector3D.h">
      <Filter>Source Files\Lab4</Filter>
    </ClInclude>
    <ClInclude Include="FullName.h">
      <Filter>Source Files\Lab4</Filter>
    </ClInclude>
    <ClInclude Include="VectorLong.h">
      <Filter>Source Files\Lab4</Filter>
    </ClInclude>
    <ClInclude Include="MatrixLong.h">
      <Filter>Source Files\Lab4</Filter>
    </ClInclude>
    <ClInclude Include="tasks4.h">
      <Filter>Source Files\Lab4</Filter>
    </ClInclude>
  </ItemGroup>
  <ItemGroup>
    <Text Include="Lab2_visual.txt">
      <Filter>Source Files\Lab2</Filter>
    </Text>
    <Text Include="lab3_visual.txt">
      <Filter>Source Files\Lab3</Filter>
    </Text>
    <Text Include="Lab1_visual.txt">
      <Filter>Source Files\Lab1</Filter>
    </Text>
    <Text Include="Visual.txt">
      <Filter>Source Files</Filter>
    </Text>
    <Text Include="lab4_visual.txt">
      <Filter>Source Files\Lab4</Filter>
    </Text>
  </ItemGroup>
</Project>